
Microsoft Visual Studio Solution File, Format Version 12.00
# Visual Studio Version 16
VisualStudioVersion = 16.0.30114.105
MinimumVisualStudioVersion = 10.0.40219.1
Project("{9A19103F-16F7-4668-BE54-9A1E7A4F7556}") = "HtmlToPdfCore", "src\HtmlToPdfCore.csproj", "{D0507BDF-3F6A-4539-9003-4F3089D89D2E}"
EndProject
Project("{2150E333-8FDC-42A3-9474-1A3956D46DE8}") = "Solution Items", "Solution Items", "{96BE2106-413D-44CF-AD3E-DE71DE7F1104}"
	ProjectSection(SolutionItems) = preProject
		.gitignore = .gitignore
		LICENSE = LICENSE
		README.md = README.md
	EndProjectSection
EndProject
Project("{2150E333-8FDC-42A3-9474-1A3956D46DE8}") = "src", "src", "{4350D639-253B-4877-8F4A-697B42737964}"
EndProject
Global
	GlobalSection(SolutionConfigurationPlatforms) = preSolution
		Debug|Any CPU = Debug|Any CPU
		Release|Any CPU = Release|Any CPU
	EndGlobalSection
	GlobalSection(ProjectConfigurationPlatforms) = postSolution
		{D0507BDF-3F6A-4539-9003-4F3089D89D2E}.Debug|Any CPU.ActiveCfg = Debug|Any CPU
		{D0507BDF-3F6A-4539-9003-4F3089D89D2E}.Debug|Any CPU.Build.0 = Debug|Any CPU
		{D0507BDF-3F6A-4539-9003-4F3089D89D2E}.Release|Any CPU.ActiveCfg = Release|Any CPU
		{D0507BDF-3F6A-4539-9003-4F3089D89D2E}.Release|Any CPU.Build.0 = Release|Any CPU
	EndGlobalSection
	GlobalSection(SolutionProperties) = preSolution
		HideSolutionNode = FALSE
	EndGlobalSection
	GlobalSection(NestedProjects) = preSolution
		{D0507BDF-3F6A-4539-9003-4F3089D89D2E} = {4350D639-253B-4877-8F4A-697B42737964}
	EndGlobalSection
	GlobalSection(ExtensibilityGlobals) = postSolution
		SolutionGuid = {DC557A09-32BB-48CC-B203-BAE95FC67531}
	EndGlobalSection
EndGlobal
